PODS:
  - DynamicBlurView (4.1.0)
  - ESPullToRefresh (2.9.3)
  - ESTabBarController-swift (2.8.0)
  - IQKeyboardManagerSwift (6.5.6)
  - PopupDialog (1.1.1):
    - DynamicBlurView (~> 4.0)
  - Presentr (1.9)
  - Realm (10.28.1):
    - Realm/Headers (= 10.28.1)
  - Realm/Headers (10.28.1)
  - RealmSwift (10.28.1):
    - Realm (= 10.28.1)
  - SwiftCSV (0.6.1)
  - Then (2.7.0)

DEPENDENCIES:
  - ESPullToRefresh
  - ESTabBarController-swift
  - IQKeyboardManagerSwift
  - PopupDialog
  - Presentr
  - RealmSwift (~> 10.28)
  - SwiftCSV
  - Then

SPEC REPOS:
  trunk:
    - DynamicBlurView
    - ESPullToRefresh
    - ESTabBarController-swift
    - IQKeyboardManagerSwift
    - PopupDialog
    - Presentr
    - Realm
    - RealmSwift
    - SwiftCSV
    - Then

SPEC CHECKSUMS:
  DynamicBlurView: 58e18fae80bb614e34681a4486870e7d257b62e8
  ESPullToRefresh: 0d68daa602b343c81753a1b95e09fd0bfcddfd40
  ESTabBarController-swift: 05593a6ad64700b03c0eb60ff625916370aa4136
  IQKeyboardManagerSwift: c7df9d2deb356c04522f5c4b7b6e4ce4d8ed94fe
  PopupDialog: 720c92befd8bc23c13442254945213db5612f149
  Presentr: 7078d7eb5d1661ebeaae60c9e42a1e534de1b993
  Realm: f4674e0e7ee537f67a78d79bd8319bc777d61d06
  RealmSwift: 0e0e4786685c4442bf56d3831dfefb5fa05d6fd6
  SwiftCSV: f0108ec3e85c69ca7d7707645a4d044a222dc10c
  Then: acfe0be7e98221c6204e12f8161459606d5d822d

PODFILE CHECKSUM: 693c22bbd5283eb87fd60bcce5f5154ce7f1cbd2

COCOAPODS: 1.11.3
