// !$*UTF8*$!
{
	archiveVersion = 1;
	classes = {
	};
	objectVersion = 51;
	objects = {

/* Begin PBXBuildFile section */
		3666F1992699819900D80E06 /* AddPictureTableViewCell.swift in Sources */ = {isa = PBXBuildFile; fileRef = 3666F1972699819900D80E06 /* AddPictureTableViewCell.swift */; };
		3666F19A2699819900D80E06 /* AddPictureTableViewCell.xib in Resources */ = {isa = PBXBuildFile; fileRef = 3666F1982699819900D80E06 /* AddPictureTableViewCell.xib */; };
		3666F19E269982A300D80E06 /* NoteHistoryTableViewCell.swift in Sources */ = {isa = PBXBuildFile; fileRef = 3666F19C269982A300D80E06 /* NoteHistoryTableViewCell.swift */; };
		3666F19F269982A300D80E06 /* NoteHistoryTableViewCell.xib in Resources */ = {isa = PBXBuildFile; fileRef = 3666F19D269982A300D80E06 /* NoteHistoryTableViewCell.xib */; };
		3666F1AE26998D8600D80E06 /* RealmModel.swift in Sources */ = {isa = PBXBuildFile; fileRef = 3666F1AD26998D8600D80E06 /* RealmModel.swift */; };
		366AE8A92692B5FB00B5262C /* Color.xcassets in Resources */ = {isa = PBXBuildFile; fileRef = 366AE8A82692B5FB00B5262C /* Color.xcassets */; };
		366AE8B72692BC0C00B5262C /* UIView+.swift in Sources */ = {isa = PBXBuildFile; fileRef = 366AE8B62692BC0C00B5262C /* UIView+.swift */; };
		366AE8C02692BDEA00B5262C /* HomeModel.swift in Sources */ = {isa = PBXBuildFile; fileRef = 366AE8BF2692BDEA00B5262C /* HomeModel.swift */; };
		366AE8C42692BF3300B5262C /* BadgeUserTableViewCell.swift in Sources */ = {isa = PBXBuildFile; fileRef = 366AE8C22692BF3300B5262C /* BadgeUserTableViewCell.swift */; };
		366AE8C52692BF3300B5262C /* BadgeUserTableViewCell.xib in Resources */ = {isa = PBXBuildFile; fileRef = 366AE8C32692BF3300B5262C /* BadgeUserTableViewCell.xib */; };
		366AE8C82692C0AA00B5262C /* Roboto in Resources */ = {isa = PBXBuildFile; fileRef = 366AE8C72692C0AA00B5262C /* Roboto */; };
		366AE8CC2692C1FA00B5262C /* UITableView+.swift in Sources */ = {isa = PBXBuildFile; fileRef = 366AE8CB2692C1FA00B5262C /* UITableView+.swift */; };
		366AE8D02692C2DE00B5262C /* HomeTitleTableViewCell.swift in Sources */ = {isa = PBXBuildFile; fileRef = 366AE8CE2692C2DE00B5262C /* HomeTitleTableViewCell.swift */; };
		366AE8D12692C2DE00B5262C /* HomeTitleTableViewCell.xib in Resources */ = {isa = PBXBuildFile; fileRef = 366AE8CF2692C2DE00B5262C /* HomeTitleTableViewCell.xib */; };
		366AE8D52692C46400B5262C /* BiggerHomeUserTableViewCell.swift in Sources */ = {isa = PBXBuildFile; fileRef = 366AE8D32692C46400B5262C /* BiggerHomeUserTableViewCell.swift */; };
		366AE8D62692C46400B5262C /* BiggerHomeUserTableViewCell.xib in Resources */ = {isa = PBXBuildFile; fileRef = 366AE8D42692C46400B5262C /* BiggerHomeUserTableViewCell.xib */; };
		366AE8E12692D2CC00B5262C /* SortListTableViewCell.swift in Sources */ = {isa = PBXBuildFile; fileRef = 366AE8DF2692D2CC00B5262C /* SortListTableViewCell.swift */; };
		366AE8E22692D2CC00B5262C /* SortListTableViewCell.xib in Resources */ = {isa = PBXBuildFile; fileRef = 366AE8E02692D2CC00B5262C /* SortListTableViewCell.xib */; };
		366AE8E62692D84000B5262C /* DetailUserViewController.swift in Sources */ = {isa = PBXBuildFile; fileRef = 366AE8E42692D84000B5262C /* DetailUserViewController.swift */; };
		366AE8E72692D84000B5262C /* DetailUserViewController.xib in Resources */ = {isa = PBXBuildFile; fileRef = 366AE8E52692D84000B5262C /* DetailUserViewController.xib */; };
		367335D02695D90000EB9DC0 /* String+.swift in Sources */ = {isa = PBXBuildFile; fileRef = 367335CF2695D90000EB9DC0 /* String+.swift */; };
		367335D42695D9BE00EB9DC0 /* Toast.swift in Sources */ = {isa = PBXBuildFile; fileRef = 367335D32695D9BE00EB9DC0 /* Toast.swift */; };
		367AACED2697FC4C0056601C /* HistoryViewController.swift in Sources */ = {isa = PBXBuildFile; fileRef = 367AACEB2697FC4C0056601C /* HistoryViewController.swift */; };
		367AACEE2697FC4C0056601C /* HistoryViewController.xib in Resources */ = {isa = PBXBuildFile; fileRef = 367AACEC2697FC4C0056601C /* HistoryViewController.xib */; };
		36B615E1269B515300F554E8 /* UITextField+.swift in Sources */ = {isa = PBXBuildFile; fileRef = 36B615E0269B515300F554E8 /* UITextField+.swift */; };
		36B615E6269B541F00F554E8 /* PopupCalendarViewController.swift in Sources */ = {isa = PBXBuildFile; fileRef = 36B615E4269B541F00F554E8 /* PopupCalendarViewController.swift */; };
		36B615E7269B541F00F554E8 /* PopupCalendarViewController.xib in Resources */ = {isa = PBXBuildFile; fileRef = 36B615E5269B541F00F554E8 /* PopupCalendarViewController.xib */; };
		36B90B962698AAC500817DC2 /* HistoryModel.swift in Sources */ = {isa = PBXBuildFile; fileRef = 36B90B952698AAC500817DC2 /* HistoryModel.swift */; };
		36C012B32744AE220085A329 /* Date+.swift in Sources */ = {isa = PBXBuildFile; fileRef = 36C012B22744AE220085A329 /* Date+.swift */; };
		36D4FF982694AAD700985C25 /* AvatarUserTableViewCell.swift in Sources */ = {isa = PBXBuildFile; fileRef = 36D4FF962694AAD700985C25 /* AvatarUserTableViewCell.swift */; };
		36D4FF992694AAD700985C25 /* AvatarUserTableViewCell.xib in Resources */ = {isa = PBXBuildFile; fileRef = 36D4FF972694AAD700985C25 /* AvatarUserTableViewCell.xib */; };
		36D4FF9D2694ACC900985C25 /* GeneralInfoTableViewCell.swift in Sources */ = {isa = PBXBuildFile; fileRef = 36D4FF9B2694ACC900985C25 /* GeneralInfoTableViewCell.swift */; };
		36D4FF9E2694ACC900985C25 /* GeneralInfoTableViewCell.xib in Resources */ = {isa = PBXBuildFile; fileRef = 36D4FF9C2694ACC900985C25 /* GeneralInfoTableViewCell.xib */; };
		36D4FFA22694AEEA00985C25 /* InfoUserTableViewCell.swift in Sources */ = {isa = PBXBuildFile; fileRef = 36D4FFA02694AEEA00985C25 /* InfoUserTableViewCell.swift */; };
		36D4FFA32694AEEA00985C25 /* InfoUserTableViewCell.xib in Resources */ = {isa = PBXBuildFile; fileRef = 36D4FFA12694AEEA00985C25 /* InfoUserTableViewCell.xib */; };
		36D4FFA72694B2A600985C25 /* BaybyAgeTableViewCell.swift in Sources */ = {isa = PBXBuildFile; fileRef = 36D4FFA52694B2A600985C25 /* BaybyAgeTableViewCell.swift */; };
		36D4FFA82694B2A600985C25 /* BaybyAgeTableViewCell.xib in Resources */ = {isa = PBXBuildFile; fileRef = 36D4FFA62694B2A600985C25 /* BaybyAgeTableViewCell.xib */; };
		36D4FFAC2694B5FA00985C25 /* NoteTableViewCell.swift in Sources */ = {isa = PBXBuildFile; fileRef = 36D4FFAA2694B5FA00985C25 /* NoteTableViewCell.swift */; };
		36D4FFAD2694B5FA00985C25 /* NoteTableViewCell.xib in Resources */ = {isa = PBXBuildFile; fileRef = 36D4FFAB2694B5FA00985C25 /* NoteTableViewCell.xib */; };
		36D4FFB12694B68200985C25 /* PhotoTableViewCell.swift in Sources */ = {isa = PBXBuildFile; fileRef = 36D4FFAF2694B68200985C25 /* PhotoTableViewCell.swift */; };
		36D4FFB22694B68200985C25 /* PhotoTableViewCell.xib in Resources */ = {isa = PBXBuildFile; fileRef = 36D4FFB02694B68200985C25 /* PhotoTableViewCell.xib */; };
		36D4FFB52694B99F00985C25 /* DetailModel.swift in Sources */ = {isa = PBXBuildFile; fileRef = 36D4FFB42694B99F00985C25 /* DetailModel.swift */; };
		36EC545D2691F37D00809FF3 /* AppDelegate.swift in Sources */ = {isa = PBXBuildFile; fileRef = 36EC545C2691F37D00809FF3 /* AppDelegate.swift */; };
		36EC545F2691F37D00809FF3 /* SceneDelegate.swift in Sources */ = {isa = PBXBuildFile; fileRef = 36EC545E2691F37D00809FF3 /* SceneDelegate.swift */; };
		36EC54612691F37D00809FF3 /* HomeViewController.swift in Sources */ = {isa = PBXBuildFile; fileRef = 36EC54602691F37D00809FF3 /* HomeViewController.swift */; };
		36EC54642691F37D00809FF3 /* Main.storyboard in Resources */ = {isa = PBXBuildFile; fileRef = 36EC54622691F37D00809FF3 /* Main.storyboard */; };
		36EC54662691F38000809FF3 /* Assets.xcassets in Resources */ = {isa = PBXBuildFile; fileRef = 36EC54652691F38000809FF3 /* Assets.xcassets */; };
		36EC54692691F38000809FF3 /* LaunchScreen.storyboard in Resources */ = {isa = PBXBuildFile; fileRef = 36EC54672691F38000809FF3 /* LaunchScreen.storyboard */; };
		36F5E1EE270C4CB8009B74D3 /* ImagePregnantTableViewCell.swift in Sources */ = {isa = PBXBuildFile; fileRef = 36F5E1EC270C4CB8009B74D3 /* ImagePregnantTableViewCell.swift */; };
		36F5E1EF270C4CB8009B74D3 /* ImagePregnantTableViewCell.xib in Resources */ = {isa = PBXBuildFile; fileRef = 36F5E1ED270C4CB8009B74D3 /* ImagePregnantTableViewCell.xib */; };
		36FC461B26921AE200AAB868 /* Realm+.swift in Sources */ = {isa = PBXBuildFile; fileRef = 36FC461A26921AE200AAB868 /* Realm+.swift */; };
		F14B48B4459D617719B0DD46 /* Pods_MomCare.framework in Frameworks */ = {isa = PBXBuildFile; fileRef = 08E9659231038AC3957DB0AF /* Pods_MomCare.framework */; };
/* End PBXBuildFile section */

/* Begin PBXFileReference section */
		08E9659231038AC3957DB0AF /* Pods_MomCare.framework */ = {isa = PBXFileReference; explicitFileType = wrapper.framework; includeInIndex = 0; path = Pods_MomCare.framework; sourceTree = BUILT_PRODUCTS_DIR; };
		3666F1972699819900D80E06 /* AddPictureTableViewCell.swift */ = {isa = PBXFileReference; lastKnownFileType = sourcecode.swift; path = AddPictureTableViewCell.swift; sourceTree = "<group>"; };
		3666F1982699819900D80E06 /* AddPictureTableViewCell.xib */ = {isa = PBXFileReference; lastKnownFileType = file.xib; path = AddPictureTableViewCell.xib; sourceTree = "<group>"; };
		3666F19C269982A300D80E06 /* NoteHistoryTableViewCell.swift */ = {isa = PBXFileReference; lastKnownFileType = sourcecode.swift; path = NoteHistoryTableViewCell.swift; sourceTree = "<group>"; };
		3666F19D269982A300D80E06 /* NoteHistoryTableViewCell.xib */ = {isa = PBXFileReference; lastKnownFileType = file.xib; path = NoteHistoryTableViewCell.xib; sourceTree = "<group>"; };
		3666F1AD26998D8600D80E06 /* RealmModel.swift */ = {isa = PBXFileReference; lastKnownFileType = sourcecode.swift; path = RealmModel.swift; sourceTree = "<group>"; };
		366AE8A82692B5FB00B5262C /* Color.xcassets */ = {isa = PBXFileReference; lastKnownFileType = folder.assetcatalog; path = Color.xcassets; sourceTree = "<group>"; };
		366AE8B62692BC0C00B5262C /* UIView+.swift */ = {isa = PBXFileReference; lastKnownFileType = sourcecode.swift; path = "UIView+.swift"; sourceTree = "<group>"; };
		366AE8BF2692BDEA00B5262C /* HomeModel.swift */ = {isa = PBXFileReference; lastKnownFileType = sourcecode.swift; path = HomeModel.swift; sourceTree = "<group>"; };
		366AE8C22692BF3300B5262C /* BadgeUserTableViewCell.swift */ = {isa = PBXFileReference; lastKnownFileType = sourcecode.swift; path = BadgeUserTableViewCell.swift; sourceTree = "<group>"; };
		366AE8C32692BF3300B5262C /* BadgeUserTableViewCell.xib */ = {isa = PBXFileReference; lastKnownFileType = file.xib; path = BadgeUserTableViewCell.xib; sourceTree = "<group>"; };
		366AE8C72692C0AA00B5262C /* Roboto */ = {isa = PBXFileReference; lastKnownFileType = folder; path = Roboto; sourceTree = "<group>"; };
		366AE8CB2692C1FA00B5262C /* UITableView+.swift */ = {isa = PBXFileReference; lastKnownFileType = sourcecode.swift; path = "UITableView+.swift"; sourceTree = "<group>"; };
		366AE8CE2692C2DE00B5262C /* HomeTitleTableViewCell.swift */ = {isa = PBXFileReference; lastKnownFileType = sourcecode.swift; path = HomeTitleTableViewCell.swift; sourceTree = "<group>"; };
		366AE8CF2692C2DE00B5262C /* HomeTitleTableViewCell.xib */ = {isa = PBXFileReference; lastKnownFileType = file.xib; path = HomeTitleTableViewCell.xib; sourceTree = "<group>"; };
		366AE8D32692C46400B5262C /* BiggerHomeUserTableViewCell.swift */ = {isa = PBXFileReference; lastKnownFileType = sourcecode.swift; path = BiggerHomeUserTableViewCell.swift; sourceTree = "<group>"; };
		366AE8D42692C46400B5262C /* BiggerHomeUserTableViewCell.xib */ = {isa = PBXFileReference; lastKnownFileType = file.xib; path = BiggerHomeUserTableViewCell.xib; sourceTree = "<group>"; };
		366AE8DF2692D2CC00B5262C /* SortListTableViewCell.swift */ = {isa = PBXFileReference; lastKnownFileType = sourcecode.swift; path = SortListTableViewCell.swift; sourceTree = "<group>"; };
		366AE8E02692D2CC00B5262C /* SortListTableViewCell.xib */ = {isa = PBXFileReference; lastKnownFileType = file.xib; path = SortListTableViewCell.xib; sourceTree = "<group>"; };
		366AE8E42692D84000B5262C /* DetailUserViewController.swift */ = {isa = PBXFileReference; lastKnownFileType = sourcecode.swift; path = DetailUserViewController.swift; sourceTree = "<group>"; };
		366AE8E52692D84000B5262C /* DetailUserViewController.xib */ = {isa = PBXFileReference; lastKnownFileType = file.xib; path = DetailUserViewController.xib; sourceTree = "<group>"; };
		367335CF2695D90000EB9DC0 /* String+.swift */ = {isa = PBXFileReference; lastKnownFileType = sourcecode.swift; path = "String+.swift"; sourceTree = "<group>"; };
		367335D32695D9BE00EB9DC0 /* Toast.swift */ = {isa = PBXFileReference; lastKnownFileType = sourcecode.swift; path = Toast.swift; sourceTree = "<group>"; };
		367AACEB2697FC4C0056601C /* HistoryViewController.swift */ = {isa = PBXFileReference; lastKnownFileType = sourcecode.swift; path = HistoryViewController.swift; sourceTree = "<group>"; };
		367AACEC2697FC4C0056601C /* HistoryViewController.xib */ = {isa = PBXFileReference; lastKnownFileType = file.xib; path = HistoryViewController.xib; sourceTree = "<group>"; };
		36B615E0269B515300F554E8 /* UITextField+.swift */ = {isa = PBXFileReference; lastKnownFileType = sourcecode.swift; name = "UITextField+.swift"; path = "../../../UITextField+.swift"; sourceTree = "<group>"; };
		36B615E4269B541F00F554E8 /* PopupCalendarViewController.swift */ = {isa = PBXFileReference; lastKnownFileType = sourcecode.swift; path = PopupCalendarViewController.swift; sourceTree = "<group>"; };
		36B615E5269B541F00F554E8 /* PopupCalendarViewController.xib */ = {isa = PBXFileReference; lastKnownFileType = file.xib; path = PopupCalendarViewController.xib; sourceTree = "<group>"; };
		36B90B952698AAC500817DC2 /* HistoryModel.swift */ = {isa = PBXFileReference; lastKnownFileType = sourcecode.swift; path = HistoryModel.swift; sourceTree = "<group>"; };
		36C012B22744AE220085A329 /* Date+.swift */ = {isa = PBXFileReference; lastKnownFileType = sourcecode.swift; path = "Date+.swift"; sourceTree = "<group>"; };
		36D4FF962694AAD700985C25 /* AvatarUserTableViewCell.swift */ = {isa = PBXFileReference; lastKnownFileType = sourcecode.swift; path = AvatarUserTableViewCell.swift; sourceTree = "<group>"; };
		36D4FF972694AAD700985C25 /* AvatarUserTableViewCell.xib */ = {isa = PBXFileReference; lastKnownFileType = file.xib; path = AvatarUserTableViewCell.xib; sourceTree = "<group>"; };
		36D4FF9B2694ACC900985C25 /* GeneralInfoTableViewCell.swift */ = {isa = PBXFileReference; lastKnownFileType = sourcecode.swift; path = GeneralInfoTableViewCell.swift; sourceTree = "<group>"; };
		36D4FF9C2694ACC900985C25 /* GeneralInfoTableViewCell.xib */ = {isa = PBXFileReference; lastKnownFileType = file.xib; path = GeneralInfoTableViewCell.xib; sourceTree = "<group>"; };
		36D4FFA02694AEEA00985C25 /* InfoUserTableViewCell.swift */ = {isa = PBXFileReference; lastKnownFileType = sourcecode.swift; path = InfoUserTableViewCell.swift; sourceTree = "<group>"; };
		36D4FFA12694AEEA00985C25 /* InfoUserTableViewCell.xib */ = {isa = PBXFileReference; lastKnownFileType = file.xib; path = InfoUserTableViewCell.xib; sourceTree = "<group>"; };
		36D4FFA52694B2A600985C25 /* BaybyAgeTableViewCell.swift */ = {isa = PBXFileReference; lastKnownFileType = sourcecode.swift; path = BaybyAgeTableViewCell.swift; sourceTree = "<group>"; };
		36D4FFA62694B2A600985C25 /* BaybyAgeTableViewCell.xib */ = {isa = PBXFileReference; lastKnownFileType = file.xib; path = BaybyAgeTableViewCell.xib; sourceTree = "<group>"; };
		36D4FFAA2694B5FA00985C25 /* NoteTableViewCell.swift */ = {isa = PBXFileReference; lastKnownFileType = sourcecode.swift; path = NoteTableViewCell.swift; sourceTree = "<group>"; };
		36D4FFAB2694B5FA00985C25 /* NoteTableViewCell.xib */ = {isa = PBXFileReference; lastKnownFileType = file.xib; path = NoteTableViewCell.xib; sourceTree = "<group>"; };
		36D4FFAF2694B68200985C25 /* PhotoTableViewCell.swift */ = {isa = PBXFileReference; lastKnownFileType = sourcecode.swift; path = PhotoTableViewCell.swift; sourceTree = "<group>"; };
		36D4FFB02694B68200985C25 /* PhotoTableViewCell.xib */ = {isa = PBXFileReference; lastKnownFileType = file.xib; path = PhotoTableViewCell.xib; sourceTree = "<group>"; };
		36D4FFB42694B99F00985C25 /* DetailModel.swift */ = {isa = PBXFileReference; lastKnownFileType = sourcecode.swift; path = DetailModel.swift; sourceTree = "<group>"; };
		36EC54592691F37D00809FF3 /* MomCare.app */ = {isa = PBXFileReference; explicitFileType = wrapper.application; includeInIndex = 0; path = MomCare.app; sourceTree = BUILT_PRODUCTS_DIR; };
		36EC545C2691F37D00809FF3 /* AppDelegate.swift */ = {isa = PBXFileReference; lastKnownFileType = sourcecode.swift; path = AppDelegate.swift; sourceTree = "<group>"; };
		36EC545E2691F37D00809FF3 /* SceneDelegate.swift */ = {isa = PBXFileReference; lastKnownFileType = sourcecode.swift; path = SceneDelegate.swift; sourceTree = "<group>"; };
		36EC54602691F37D00809FF3 /* HomeViewController.swift */ = {isa = PBXFileReference; lastKnownFileType = sourcecode.swift; path = HomeViewController.swift; sourceTree = "<group>"; };
		36EC54632691F37D00809FF3 /* Base */ = {isa = PBXFileReference; lastKnownFileType = file.storyboard; name = Base; path = Base.lproj/Main.storyboard; sourceTree = "<group>"; };
		36EC54652691F38000809FF3 /* Assets.xcassets */ = {isa = PBXFileReference; lastKnownFileType = folder.assetcatalog; path = Assets.xcassets; sourceTree = "<group>"; };
		36EC54682691F38000809FF3 /* Base */ = {isa = PBXFileReference; lastKnownFileType = file.storyboard; name = Base; path = Base.lproj/LaunchScreen.storyboard; sourceTree = "<group>"; };
		36EC546A2691F38000809FF3 /* Info.plist */ = {isa = PBXFileReference; lastKnownFileType = text.plist.xml; path = Info.plist; sourceTree = "<group>"; };
		36F5E1EC270C4CB8009B74D3 /* ImagePregnantTableViewCell.swift */ = {isa = PBXFileReference; lastKnownFileType = sourcecode.swift; path = ImagePregnantTableViewCell.swift; sourceTree = "<group>"; };
		36F5E1ED270C4CB8009B74D3 /* ImagePregnantTableViewCell.xib */ = {isa = PBXFileReference; lastKnownFileType = file.xib; path = ImagePregnantTableViewCell.xib; sourceTree = "<group>"; };
		36FC461A26921AE200AAB868 /* Realm+.swift */ = {isa = PBXFileReference; lastKnownFileType = sourcecode.swift; path = "Realm+.swift"; sourceTree = "<group>"; };
		53338AE9001D5BBE66C1CC4D /* Pods-MomCare.debug.xcconfig */ = {isa = PBXFileReference; includeInIndex = 1; lastKnownFileType = text.xcconfig; name = "Pods-MomCare.debug.xcconfig"; path = "Target Support Files/Pods-MomCare/Pods-MomCare.debug.xcconfig"; sourceTree = "<group>"; };
		7871A8189E0EFE36FB220C9D /* Pods-MomCare.release.xcconfig */ = {isa = PBXFileReference; includeInIndex = 1; lastKnownFileType = text.xcconfig; name = "Pods-MomCare.release.xcconfig"; path = "Target Support Files/Pods-MomCare/Pods-MomCare.release.xcconfig"; sourceTree = "<group>"; };
/* End PBXFileReference section */

/* Begin PBXFrameworksBuildPhase section */
		36EC54562691F37D00809FF3 /* Frameworks */ = {
			isa = PBXFrameworksBuildPhase;
			buildActionMask = 2147483647;
			files = (
				F14B48B4459D617719B0DD46 /* Pods_MomCare.framework in Frameworks */,
			);
			runOnlyForDeploymentPostprocessing = 0;
		};
/* End PBXFrameworksBuildPhase section */

/* Begin PBXGroup section */
		3666F1AC26998D7900D80E06 /* Model */ = {
			isa = PBXGroup;
			children = (
				3666F1AD26998D8600D80E06 /* RealmModel.swift */,
			);
			path = Model;
			sourceTree = "<group>";
		};
		366AE89C2692A96600B5262C /* AppDelegate */ = {
			isa = PBXGroup;
			children = (
				36EC545C2691F37D00809FF3 /* AppDelegate.swift */,
				36EC545E2691F37D00809FF3 /* SceneDelegate.swift */,
			);
			path = AppDelegate;
			sourceTree = "<group>";
		};
		366AE8AB2692B60C00B5262C /* Utils */ = {
			isa = PBXGroup;
			children = (
				366AE8C72692C0AA00B5262C /* Roboto */,
				36EC54652691F38000809FF3 /* Assets.xcassets */,
				366AE8A82692B5FB00B5262C /* Color.xcassets */,
			);
			path = Utils;
			sourceTree = "<group>";
		};
		366AE8B92692BD0800B5262C /* Home */ = {
			isa = PBXGroup;
			children = (
				366AE8BD2692BD4400B5262C /* Model */,
				366AE8BC2692BD3C00B5262C /* Cell */,
				36EC54602691F37D00809FF3 /* HomeViewController.swift */,
				36EC54622691F37D00809FF3 /* Main.storyboard */,
			);
			path = Home;
			sourceTree = "<group>";
		};
		366AE8BB2692BD2A00B5262C /* Controller */ = {
			isa = PBXGroup;
			children = (
				366AE8B92692BD0800B5262C /* Home */,
				366AE8E92692D84600B5262C /* Detail */,
				367335CD2695D41800EB9DC0 /* History */,
			);
			path = Controller;
			sourceTree = "<group>";
		};
		366AE8BC2692BD3C00B5262C /* Cell */ = {
			isa = PBXGroup;
			children = (
				366AE8C22692BF3300B5262C /* BadgeUserTableViewCell.swift */,
				366AE8C32692BF3300B5262C /* BadgeUserTableViewCell.xib */,
				366AE8CE2692C2DE00B5262C /* HomeTitleTableViewCell.swift */,
				366AE8CF2692C2DE00B5262C /* HomeTitleTableViewCell.xib */,
				366AE8D32692C46400B5262C /* BiggerHomeUserTableViewCell.swift */,
				366AE8D42692C46400B5262C /* BiggerHomeUserTableViewCell.xib */,
				366AE8DF2692D2CC00B5262C /* SortListTableViewCell.swift */,
				366AE8E02692D2CC00B5262C /* SortListTableViewCell.xib */,
			);
			path = Cell;
			sourceTree = "<group>";
		};
		366AE8BD2692BD4400B5262C /* Model */ = {
			isa = PBXGroup;
			children = (
				366AE8BF2692BDEA00B5262C /* HomeModel.swift */,
			);
			path = Model;
			sourceTree = "<group>";
		};
		366AE8E92692D84600B5262C /* Detail */ = {
			isa = PBXGroup;
			children = (
				36B615E3269B540800F554E8 /* Popup */,
				36D4FF942694AAC100985C25 /* Cell */,
				36D4FF932694AABC00985C25 /* Model */,
				366AE8E42692D84000B5262C /* DetailUserViewController.swift */,
				366AE8E52692D84000B5262C /* DetailUserViewController.xib */,
			);
			path = Detail;
			sourceTree = "<group>";
		};
		367335CD2695D41800EB9DC0 /* History */ = {
			isa = PBXGroup;
			children = (
				36B90B942698AA3E00817DC2 /* Cell */,
				36B90B932698AA3600817DC2 /* Model */,
				367AACEB2697FC4C0056601C /* HistoryViewController.swift */,
				367AACEC2697FC4C0056601C /* HistoryViewController.xib */,
			);
			path = History;
			sourceTree = "<group>";
		};
		367335D22695D9A700EB9DC0 /* Lib */ = {
			isa = PBXGroup;
			children = (
				367335D32695D9BE00EB9DC0 /* Toast.swift */,
			);
			path = Lib;
			sourceTree = "<group>";
		};
		36B615E3269B540800F554E8 /* Popup */ = {
			isa = PBXGroup;
			children = (
				36B615E4269B541F00F554E8 /* PopupCalendarViewController.swift */,
				36B615E5269B541F00F554E8 /* PopupCalendarViewController.xib */,
			);
			path = Popup;
			sourceTree = "<group>";
		};
		36B90B932698AA3600817DC2 /* Model */ = {
			isa = PBXGroup;
			children = (
				36B90B952698AAC500817DC2 /* HistoryModel.swift */,
			);
			path = Model;
			sourceTree = "<group>";
		};
		36B90B942698AA3E00817DC2 /* Cell */ = {
			isa = PBXGroup;
			children = (
				3666F1972699819900D80E06 /* AddPictureTableViewCell.swift */,
				3666F1982699819900D80E06 /* AddPictureTableViewCell.xib */,
				3666F19C269982A300D80E06 /* NoteHistoryTableViewCell.swift */,
				3666F19D269982A300D80E06 /* NoteHistoryTableViewCell.xib */,
			);
			path = Cell;
			sourceTree = "<group>";
		};
		36D4FF932694AABC00985C25 /* Model */ = {
			isa = PBXGroup;
			children = (
				36D4FFB42694B99F00985C25 /* DetailModel.swift */,
			);
			path = Model;
			sourceTree = "<group>";
		};
		36D4FF942694AAC100985C25 /* Cell */ = {
			isa = PBXGroup;
			children = (
				36D4FF962694AAD700985C25 /* AvatarUserTableViewCell.swift */,
				36D4FF972694AAD700985C25 /* AvatarUserTableViewCell.xib */,
				36D4FF9B2694ACC900985C25 /* GeneralInfoTableViewCell.swift */,
				36D4FF9C2694ACC900985C25 /* GeneralInfoTableViewCell.xib */,
				36D4FFA02694AEEA00985C25 /* InfoUserTableViewCell.swift */,
				36D4FFA12694AEEA00985C25 /* InfoUserTableViewCell.xib */,
				36D4FFA52694B2A600985C25 /* BaybyAgeTableViewCell.swift */,
				36D4FFA62694B2A600985C25 /* BaybyAgeTableViewCell.xib */,
				36D4FFAA2694B5FA00985C25 /* NoteTableViewCell.swift */,
				36D4FFAB2694B5FA00985C25 /* NoteTableViewCell.xib */,
				36D4FFAF2694B68200985C25 /* PhotoTableViewCell.swift */,
				36D4FFB02694B68200985C25 /* PhotoTableViewCell.xib */,
				36F5E1EC270C4CB8009B74D3 /* ImagePregnantTableViewCell.swift */,
				36F5E1ED270C4CB8009B74D3 /* ImagePregnantTableViewCell.xib */,
			);
			path = Cell;
			sourceTree = "<group>";
		};
		36EC54502691F37D00809FF3 = {
			isa = PBXGroup;
			children = (
				36EC545B2691F37D00809FF3 /* MomCare */,
				36EC545A2691F37D00809FF3 /* Products */,
				7D638C6CF51B20B55B7058D4 /* Pods */,
				5C76F9AB1ABE2CAD04579846 /* Frameworks */,
			);
			sourceTree = "<group>";
		};
		36EC545A2691F37D00809FF3 /* Products */ = {
			isa = PBXGroup;
			children = (
				36EC54592691F37D00809FF3 /* MomCare.app */,
			);
			name = Products;
			sourceTree = "<group>";
		};
		36EC545B2691F37D00809FF3 /* MomCare */ = {
			isa = PBXGroup;
			children = (
				3666F1AC26998D7900D80E06 /* Model */,
				367335D22695D9A700EB9DC0 /* Lib */,
				366AE89C2692A96600B5262C /* AppDelegate */,
				36FC461926921AD400AAB868 /* Extension */,
				366AE8BB2692BD2A00B5262C /* Controller */,
				366AE8AB2692B60C00B5262C /* Utils */,
				36EC54672691F38000809FF3 /* LaunchScreen.storyboard */,
				36EC546A2691F38000809FF3 /* Info.plist */,
			);
			path = MomCare;
			sourceTree = "<group>";
		};
		36FC461926921AD400AAB868 /* Extension */ = {
			isa = PBXGroup;
			children = (
				36FC461A26921AE200AAB868 /* Realm+.swift */,
				366AE8B62692BC0C00B5262C /* UIView+.swift */,
				366AE8CB2692C1FA00B5262C /* UITableView+.swift */,
				367335CF2695D90000EB9DC0 /* String+.swift */,
				36B615E0269B515300F554E8 /* UITextField+.swift */,
				36C012B22744AE220085A329 /* Date+.swift */,
			);
			path = Extension;
			sourceTree = "<group>";
		};
		5C76F9AB1ABE2CAD04579846 /* Frameworks */ = {
			isa = PBXGroup;
			children = (
				08E9659231038AC3957DB0AF /* Pods_MomCare.framework */,
			);
			name = Frameworks;
			sourceTree = "<group>";
		};
		7D638C6CF51B20B55B7058D4 /* Pods */ = {
			isa = PBXGroup;
			children = (
				53338AE9001D5BBE66C1CC4D /* Pods-MomCare.debug.xcconfig */,
				7871A8189E0EFE36FB220C9D /* Pods-MomCare.release.xcconfig */,
			);
			path = Pods;
			sourceTree = "<group>";
		};
/* End PBXGroup section */

/* Begin PBXNativeTarget section */
		36EC54582691F37D00809FF3 /* MomCare */ = {
			isa = PBXNativeTarget;
			buildConfigurationList = 36EC546D2691F38000809FF3 /* Build configuration list for PBXNativeTarget "MomCare" */;
			buildPhases = (
				4D47F3CD7ADD0D7537DD5215 /* [CP] Check Pods Manifest.lock */,
				36EC54552691F37D00809FF3 /* Sources */,
				36EC54562691F37D00809FF3 /* Frameworks */,
				36EC54572691F37D00809FF3 /* Resources */,
				7491B7C85EDBEAD175FF7576 /* [CP] Embed Pods Frameworks */,
			);
			buildRules = (
			);
			dependencies = (
			);
			name = MomCare;
			productName = MomCare;
			productReference = 36EC54592691F37D00809FF3 /* MomCare.app */;
			productType = "com.apple.product-type.application";
		};
/* End PBXNativeTarget section */

/* Begin PBXProject section */
		36EC54512691F37D00809FF3 /* Project object */ = {
			isa = PBXProject;
			attributes = {
				LastSwiftUpdateCheck = 1230;
				LastUpgradeCheck = 1230;
				TargetAttributes = {
					36EC54582691F37D00809FF3 = {
						CreatedOnToolsVersion = 12.3;
					};
				};
			};
			buildConfigurationList = 36EC54542691F37D00809FF3 /* Build configuration list for PBXProject "MomCare" */;
			compatibilityVersion = "Xcode 9.3";
			developmentRegion = en;
			hasScannedForEncodings = 0;
			knownRegions = (
				en,
				Base,
			);
			mainGroup = 36EC54502691F37D00809FF3;
			productRefGroup = 36EC545A2691F37D00809FF3 /* Products */;
			projectDirPath = "";
			projectRoot = "";
			targets = (
				36EC54582691F37D00809FF3 /* MomCare */,
			);
		};
/* End PBXProject section */

/* Begin PBXResourcesBuildPhase section */
		36EC54572691F37D00809FF3 /* Resources */ = {
			isa = PBXResourcesBuildPhase;
			buildActionMask = 2147483647;
			files = (
				367AACEE2697FC4C0056601C /* HistoryViewController.xib in Resources */,
				366AE8E22692D2CC00B5262C /* SortListTableViewCell.xib in Resources */,
				366AE8D12692C2DE00B5262C /* HomeTitleTableViewCell.xib in Resources */,
				3666F19F269982A300D80E06 /* NoteHistoryTableViewCell.xib in Resources */,
				36F5E1EF270C4CB8009B74D3 /* ImagePregnantTableViewCell.xib in Resources */,
				36D4FFA32694AEEA00985C25 /* InfoUserTableViewCell.xib in Resources */,
				36D4FFAD2694B5FA00985C25 /* NoteTableViewCell.xib in Resources */,
				36D4FFB22694B68200985C25 /* PhotoTableViewCell.xib in Resources */,
				366AE8E72692D84000B5262C /* DetailUserViewController.xib in Resources */,
				366AE8C52692BF3300B5262C /* BadgeUserTableViewCell.xib in Resources */,
				36B615E7269B541F00F554E8 /* PopupCalendarViewController.xib in Resources */,
				36EC54692691F38000809FF3 /* LaunchScreen.storyboard in Resources */,
				366AE8D62692C46400B5262C /* BiggerHomeUserTableViewCell.xib in Resources */,
				36D4FF9E2694ACC900985C25 /* GeneralInfoTableViewCell.xib in Resources */,
				366AE8A92692B5FB00B5262C /* Color.xcassets in Resources */,
				36D4FF992694AAD700985C25 /* AvatarUserTableViewCell.xib in Resources */,
				36EC54662691F38000809FF3 /* Assets.xcassets in Resources */,
				3666F19A2699819900D80E06 /* AddPictureTableViewCell.xib in Resources */,
				36D4FFA82694B2A600985C25 /* BaybyAgeTableViewCell.xib in Resources */,
				36EC54642691F37D00809FF3 /* Main.storyboard in Resources */,
				366AE8C82692C0AA00B5262C /* Roboto in Resources */,
			);
			runOnlyForDeploymentPostprocessing = 0;
		};
/* End PBXResourcesBuildPhase section */

/* Begin PBXShellScriptBuildPhase section */
		4D47F3CD7ADD0D7537DD5215 /* [CP] Check Pods Manifest.lock */ = {
			isa = PBXShellScriptBuildPhase;
			buildActionMask = 2147483647;
			files = (
			);
			inputFileListPaths = (
			);
			inputPaths = (
				"${PODS_PODFILE_DIR_PATH}/Podfile.lock",
				"${PODS_ROOT}/Manifest.lock",
			);
			name = "[CP] Check Pods Manifest.lock";
			outputFileListPaths = (
			);
			outputPaths = (
				"$(DERIVED_FILE_DIR)/Pods-MomCare-checkManifestLockResult.txt",
			);
			runOnlyForDeploymentPostprocessing = 0;
			shellPath = /bin/sh;
			shellScript = "diff \"${PODS_PODFILE_DIR_PATH}/Podfile.lock\" \"${PODS_ROOT}/Manifest.lock\" > /dev/null\nif [ $? != 0 ] ; then\n    # print error to STDERR\n    echo \"error: The sandbox is not in sync with the Podfile.lock. Run 'pod install' or update your CocoaPods installation.\" >&2\n    exit 1\nfi\n# This output is used by Xcode 'outputs' to avoid re-running this script phase.\necho \"SUCCESS\" > \"${SCRIPT_OUTPUT_FILE_0}\"\n";
			showEnvVarsInLog = 0;
		};
		7491B7C85EDBEAD175FF7576 /* [CP] Embed Pods Frameworks */ = {
			isa = PBXShellScriptBuildPhase;
			buildActionMask = 2147483647;
			files = (
			);
			inputFileListPaths = (
				"${PODS_ROOT}/Target Support Files/Pods-MomCare/Pods-MomCare-frameworks-${CONFIGURATION}-input-files.xcfilelist",
			);
			name = "[CP] Embed Pods Frameworks";
			outputFileListPaths = (
				"${PODS_ROOT}/Target Support Files/Pods-MomCare/Pods-MomCare-frameworks-${CONFIGURATION}-output-files.xcfilelist",
			);
			runOnlyForDeploymentPostprocessing = 0;
			shellPath = /bin/sh;
			shellScript = "\"${PODS_ROOT}/Target Support Files/Pods-MomCare/Pods-MomCare-frameworks.sh\"\n";
			showEnvVarsInLog = 0;
		};
/* End PBXShellScriptBuildPhase section */

/* Begin PBXSourcesBuildPhase section */
		36EC54552691F37D00809FF3 /* Sources */ = {
			isa = PBXSourcesBuildPhase;
			buildActionMask = 2147483647;
			files = (
				3666F1992699819900D80E06 /* AddPictureTableViewCell.swift in Sources */,
				36EC54612691F37D00809FF3 /* HomeViewController.swift in Sources */,
				366AE8CC2692C1FA00B5262C /* UITableView+.swift in Sources */,
				367335D02695D90000EB9DC0 /* String+.swift in Sources */,
				36EC545D2691F37D00809FF3 /* AppDelegate.swift in Sources */,
				366AE8C02692BDEA00B5262C /* HomeModel.swift in Sources */,
				367AACED2697FC4C0056601C /* HistoryViewController.swift in Sources */,
				36D4FFA22694AEEA00985C25 /* InfoUserTableViewCell.swift in Sources */,
				366AE8C42692BF3300B5262C /* BadgeUserTableViewCell.swift in Sources */,
				36D4FFB52694B99F00985C25 /* DetailModel.swift in Sources */,
				36FC461B26921AE200AAB868 /* Realm+.swift in Sources */,
				3666F1AE26998D8600D80E06 /* RealmModel.swift in Sources */,
				366AE8D02692C2DE00B5262C /* HomeTitleTableViewCell.swift in Sources */,
				366AE8D52692C46400B5262C /* BiggerHomeUserTableViewCell.swift in Sources */,
				3666F19E269982A300D80E06 /* NoteHistoryTableViewCell.swift in Sources */,
				36B615E6269B541F00F554E8 /* PopupCalendarViewController.swift in Sources */,
				36F5E1EE270C4CB8009B74D3 /* ImagePregnantTableViewCell.swift in Sources */,
				36D4FF9D2694ACC900985C25 /* GeneralInfoTableViewCell.swift in Sources */,
				36EC545F2691F37D00809FF3 /* SceneDelegate.swift in Sources */,
				36B90B962698AAC500817DC2 /* HistoryModel.swift in Sources */,
				367335D42695D9BE00EB9DC0 /* Toast.swift in Sources */,
				36D4FF982694AAD700985C25 /* AvatarUserTableViewCell.swift in Sources */,
				366AE8E12692D2CC00B5262C /* SortListTableViewCell.swift in Sources */,
				36D4FFA72694B2A600985C25 /* BaybyAgeTableViewCell.swift in Sources */,
				36D4FFB12694B68200985C25 /* PhotoTableViewCell.swift in Sources */,
				366AE8E62692D84000B5262C /* DetailUserViewController.swift in Sources */,
				36B615E1269B515300F554E8 /* UITextField+.swift in Sources */,
				36C012B32744AE220085A329 /* Date+.swift in Sources */,
				366AE8B72692BC0C00B5262C /* UIView+.swift in Sources */,
				36D4FFAC2694B5FA00985C25 /* NoteTableViewCell.swift in Sources */,
			);
			runOnlyForDeploymentPostprocessing = 0;
		};
/* End PBXSourcesBuildPhase section */

/* Begin PBXVariantGroup section */
		36EC54622691F37D00809FF3 /* Main.storyboard */ = {
			isa = PBXVariantGroup;
			children = (
				36EC54632691F37D00809FF3 /* Base */,
			);
			name = Main.storyboard;
			sourceTree = "<group>";
		};
		36EC54672691F38000809FF3 /* LaunchScreen.storyboard */ = {
			isa = PBXVariantGroup;
			children = (
				36EC54682691F38000809FF3 /* Base */,
			);
			name = LaunchScreen.storyboard;
			sourceTree = "<group>";
		};
/* End PBXVariantGroup section */

/* Begin XCBuildConfiguration section */
		36EC546B2691F38000809FF3 /* Debug */ = {
			isa = XCBuildConfiguration;
			buildSettings = {
				ALWAYS_SEARCH_USER_PATHS = NO;
				CLANG_ANALYZER_NONNULL = YES;
				CLANG_ANALYZER_NUMBER_OBJECT_CONVERSION = YES_AGGRESSIVE;
				CLANG_CXX_LANGUAGE_STANDARD = "gnu++14";
				CLANG_CXX_LIBRARY = "libc++";
				CLANG_ENABLE_MODULES = YES;
				CLANG_ENABLE_OBJC_ARC = YES;
				CLANG_ENABLE_OBJC_WEAK = YES;
				CLANG_WARN_BLOCK_CAPTURE_AUTORELEASING = YES;
				CLANG_WARN_BOOL_CONVERSION = YES;
				CLANG_WARN_COMMA = YES;
				CLANG_WARN_CONSTANT_CONVERSION = YES;
				CLANG_WARN_DEPRECATED_OBJC_IMPLEMENTATIONS = YES;
				CLANG_WARN_DIRECT_OBJC_ISA_USAGE = YES_ERROR;
				CLANG_WARN_DOCUMENTATION_COMMENTS = YES;
				CLANG_WARN_EMPTY_BODY = YES;
				CLANG_WARN_ENUM_CONVERSION = YES;
				CLANG_WARN_INFINITE_RECURSION = YES;
				CLANG_WARN_INT_CONVERSION = YES;
				CLANG_WARN_NON_LITERAL_NULL_CONVERSION = YES;
				CLANG_WARN_OBJC_IMPLICIT_RETAIN_SELF = YES;
				CLANG_WARN_OBJC_LITERAL_CONVERSION = YES;
				CLANG_WARN_OBJC_ROOT_CLASS = YES_ERROR;
				CLANG_WARN_QUOTED_INCLUDE_IN_FRAMEWORK_HEADER = YES;
				CLANG_WARN_RANGE_LOOP_ANALYSIS = YES;
				CLANG_WARN_STRICT_PROTOTYPES = YES;
				CLANG_WARN_SUSPICIOUS_MOVE = YES;
				CLANG_WARN_UNGUARDED_AVAILABILITY = YES_AGGRESSIVE;
				CLANG_WARN_UNREACHABLE_CODE = YES;
				CLANG_WARN__DUPLICATE_METHOD_MATCH = YES;
				COPY_PHASE_STRIP = NO;
				DEBUG_INFORMATION_FORMAT = dwarf;
				ENABLE_STRICT_OBJC_MSGSEND = YES;
				ENABLE_TESTABILITY = YES;
				GCC_C_LANGUAGE_STANDARD = gnu11;
				GCC_DYNAMIC_NO_PIC = NO;
				GCC_NO_COMMON_BLOCKS = YES;
				GCC_OPTIMIZATION_LEVEL = 0;
				GCC_PREPROCESSOR_DEFINITIONS = (
					"DEBUG=1",
					"$(inherited)",
				);
				GCC_WARN_64_TO_32_BIT_CONVERSION = YES;
				GCC_WARN_ABOUT_RETURN_TYPE = YES_ERROR;
				GCC_WARN_UNDECLARED_SELECTOR = YES;
				GCC_WARN_UNINITIALIZED_AUTOS = YES_AGGRESSIVE;
				GCC_WARN_UNUSED_FUNCTION = YES;
				GCC_WARN_UNUSED_VARIABLE = YES;
				IPHONEOS_DEPLOYMENT_TARGET = 14.3;
				MTL_ENABLE_DEBUG_INFO = INCLUDE_SOURCE;
				MTL_FAST_MATH = YES;
				ONLY_ACTIVE_ARCH = YES;
				SDKROOT = iphoneos;
				SWIFT_ACTIVE_COMPILATION_CONDITIONS = DEBUG;
				SWIFT_OPTIMIZATION_LEVEL = "-Onone";
			};
			name = Debug;
		};
		36EC546C2691F38000809FF3 /* Release */ = {
			isa = XCBuildConfiguration;
			buildSettings = {
				ALWAYS_SEARCH_USER_PATHS = NO;
				CLANG_ANALYZER_NONNULL = YES;
				CLANG_ANALYZER_NUMBER_OBJECT_CONVERSION = YES_AGGRESSIVE;
				CLANG_CXX_LANGUAGE_STANDARD = "gnu++14";
				CLANG_CXX_LIBRARY = "libc++";
				CLANG_ENABLE_MODULES = YES;
				CLANG_ENABLE_OBJC_ARC = YES;
				CLANG_ENABLE_OBJC_WEAK = YES;
				CLANG_WARN_BLOCK_CAPTURE_AUTORELEASING = YES;
				CLANG_WARN_BOOL_CONVERSION = YES;
				CLANG_WARN_COMMA = YES;
				CLANG_WARN_CONSTANT_CONVERSION = YES;
				CLANG_WARN_DEPRECATED_OBJC_IMPLEMENTATIONS = YES;
				CLANG_WARN_DIRECT_OBJC_ISA_USAGE = YES_ERROR;
				CLANG_WARN_DOCUMENTATION_COMMENTS = YES;
				CLANG_WARN_EMPTY_BODY = YES;
				CLANG_WARN_ENUM_CONVERSION = YES;
				CLANG_WARN_INFINITE_RECURSION = YES;
				CLANG_WARN_INT_CONVERSION = YES;
				CLANG_WARN_NON_LITERAL_NULL_CONVERSION = YES;
				CLANG_WARN_OBJC_IMPLICIT_RETAIN_SELF = YES;
				CLANG_WARN_OBJC_LITERAL_CONVERSION = YES;
				CLANG_WARN_OBJC_ROOT_CLASS = YES_ERROR;
				CLANG_WARN_QUOTED_INCLUDE_IN_FRAMEWORK_HEADER = YES;
				CLANG_WARN_RANGE_LOOP_ANALYSIS = YES;
				CLANG_WARN_STRICT_PROTOTYPES = YES;
				CLANG_WARN_SUSPICIOUS_MOVE = YES;
				CLANG_WARN_UNGUARDED_AVAILABILITY = YES_AGGRESSIVE;
				CLANG_WARN_UNREACHABLE_CODE = YES;
				CLANG_WARN__DUPLICATE_METHOD_MATCH = YES;
				COPY_PHASE_STRIP = NO;
				DEBUG_INFORMATION_FORMAT = "dwarf-with-dsym";
				ENABLE_NS_ASSERTIONS = NO;
				ENABLE_STRICT_OBJC_MSGSEND = YES;
				GCC_C_LANGUAGE_STANDARD = gnu11;
				GCC_NO_COMMON_BLOCKS = YES;
				GCC_WARN_64_TO_32_BIT_CONVERSION = YES;
				GCC_WARN_ABOUT_RETURN_TYPE = YES_ERROR;
				GCC_WARN_UNDECLARED_SELECTOR = YES;
				GCC_WARN_UNINITIALIZED_AUTOS = YES_AGGRESSIVE;
				GCC_WARN_UNUSED_FUNCTION = YES;
				GCC_WARN_UNUSED_VARIABLE = YES;
				IPHONEOS_DEPLOYMENT_TARGET = 14.3;
				MTL_ENABLE_DEBUG_INFO = NO;
				MTL_FAST_MATH = YES;
				SDKROOT = iphoneos;
				SWIFT_COMPILATION_MODE = wholemodule;
				SWIFT_OPTIMIZATION_LEVEL = "-O";
				VALIDATE_PRODUCT = YES;
			};
			name = Release;
		};
		36EC546E2691F38000809FF3 /* Debug */ = {
			isa = XCBuildConfiguration;
			baseConfigurationReference = 53338AE9001D5BBE66C1CC4D /* Pods-MomCare.debug.xcconfig */;
			buildSettings = {
				ASSETCATALOG_COMPILER_APPICON_NAME = AppIcon;
				ASSETCATALOG_COMPILER_GLOBAL_ACCENT_COLOR_NAME = AccentColor;
				CODE_SIGN_IDENTITY = "Apple Development";
				CODE_SIGN_STYLE = Automatic;
				DEVELOPMENT_TEAM = 3JQK33626M;
				INFOPLIST_FILE = MomCare/Info.plist;
				LD_RUNPATH_SEARCH_PATHS = (
					"$(inherited)",
					"@executable_path/Frameworks",
				);
				PRODUCT_BUNDLE_IDENTIFIER = com.tuicoding.MomCare;
				PRODUCT_NAME = "$(TARGET_NAME)";
				PROVISIONING_PROFILE_SPECIFIER = "";
				SWIFT_VERSION = 5.0;
				TARGETED_DEVICE_FAMILY = "1,2";
			};
			name = Debug;
		};
		36EC546F2691F38000809FF3 /* Release */ = {
			isa = XCBuildConfiguration;
			baseConfigurationReference = 7871A8189E0EFE36FB220C9D /* Pods-MomCare.release.xcconfig */;
			buildSettings = {
				ASSETCATALOG_COMPILER_APPICON_NAME = AppIcon;
				ASSETCATALOG_COMPILER_GLOBAL_ACCENT_COLOR_NAME = AccentColor;
				CODE_SIGN_IDENTITY = "Apple Development";
				CODE_SIGN_STYLE = Automatic;
				DEVELOPMENT_TEAM = 3JQK33626M;
				INFOPLIST_FILE = MomCare/Info.plist;
				LD_RUNPATH_SEARCH_PATHS = (
					"$(inherited)",
					"@executable_path/Frameworks",
				);
				PRODUCT_BUNDLE_IDENTIFIER = com.tuicoding.MomCare;
				PRODUCT_NAME = "$(TARGET_NAME)";
				PROVISIONING_PROFILE_SPECIFIER = "";
				SWIFT_VERSION = 5.0;
				TARGETED_DEVICE_FAMILY = "1,2";
			};
			name = Release;
		};
/* End XCBuildConfiguration section */

/* Begin XCConfigurationList section */
		36EC54542691F37D00809FF3 /* Build configuration list for PBXProject "MomCare" */ = {
			isa = XCConfigurationList;
			buildConfigurations = (
				36EC546B2691F38000809FF3 /* Debug */,
				36EC546C2691F38000809FF3 /* Release */,
			);
			defaultConfigurationIsVisible = 0;
			defaultConfigurationName = Release;
		};
		36EC546D2691F38000809FF3 /* Build configuration list for PBXNativeTarget "MomCare" */ = {
			isa = XCConfigurationList;
			buildConfigurations = (
				36EC546E2691F38000809FF3 /* Debug */,
				36EC546F2691F38000809FF3 /* Release */,
			);
			defaultConfigurationIsVisible = 0;
			defaultConfigurationName = Release;
		};
/* End XCConfigurationList section */
	};
	rootObject = 36EC54512691F37D00809FF3 /* Project object */;
}
